{
  "name": "@vivarium/agent",
  "version": "0.0.1",
  "lockfileVersion": 3,
  "requires": true,
  "packages": {
    "": {
      "name": "@vivarium/agent",
      "version": "0.0.1",
      "license": "Apache-2.0",
      "dependencies": {
        "@vivarium/changeset": "file:../vivarium-changeset/sdk/typescript"
      },
      "engines": {
        "node": ">=23.6"
      }
    },
    "../vivarium-changeset/sdk/typescript": {
      "name": "@vivarium/changeset",
      "version": "0.1.0",
      "license": "MIT",
      "engines": {
        "node": ">=23.6"
      }
    },
    "node_modules/@vivarium/changeset": {
      "resolved": "../vivarium-changeset/sdk/typescript",
      "link": true
    }
  }
}
