{
  "name": "@vivariumjs/agent",
  "version": "0.0.1",
  "lockfileVersion": 3,
  "requires": true,
  "packages": {
    "": {
      "name": "@vivariumjs/agent",
      "version": "0.0.1",
      "license": "Apache-2.0",
      "dependencies": {
        "@vivariumjs/changeset": "file:../vivarium-changeset/sdk/typescript"
      },
      "engines": {
        "node": ">=23.6"
      }
    },
    "../vivarium-changeset/sdk/typescript": {
      "name": "@vivariumjs/changeset",
      "version": "0.1.0",
      "license": "MIT",
      "devDependencies": {
        "@types/node": "^26.1.1",
        "typescript": "^7.0.2"
      },
      "engines": {
        "node": ">=20"
      }
    },
    "node_modules/@vivariumjs/changeset": {
      "resolved": "../vivarium-changeset/sdk/typescript",
      "link": true
    }
  }
}
